
Microsoft Visual Studio Solution File, Format Version 12.00
# Visual Studio Version 16
VisualStudioVersion = 16.0.31729.503
MinimumVisualStudioVersion = 10.0.40219.1
Project("{FAE04EC0-301F-11D3-BF4B-00C04F79EFBC}") = "praktika", "praktika\praktika.csproj", "{51E6F3B7-F816-4CE6-9DE2-5788CF068FC5}"
EndProject
Global
	GlobalSection(SolutionConfigurationPlatforms) = preSolution
		Debug|Any CPU = Debug|Any CPU
		Release|Any CPU = Release|Any CPU
	EndGlobalSection
	GlobalSection(ProjectConfigurationPlatforms) = postSolution
		{51E6F3B7-F816-4CE6-9DE2-5788CF068FC5}.Debug|Any CPU.ActiveCfg = Debug|Any CPU
		{51E6F3B7-F816-4CE6-9DE2-5788CF068FC5}.Debug|Any CPU.Build.0 = Debug|Any CPU
		{51E6F3B7-F816-4CE6-9DE2-5788CF068FC5}.Release|Any CPU.ActiveCfg = Release|Any CPU
		{51E6F3B7-F816-4CE6-9DE2-5788CF068FC5}.Release|Any CPU.Build.0 = Release|Any CPU
	EndGlobalSection
	GlobalSection(SolutionProperties) = preSolution
		HideSolutionNode = FALSE
	EndGlobalSection
	GlobalSection(ExtensibilityGlobals) = postSolution
		SolutionGuid = {617B3B3C-2AD2-482F-BAC7-C322DDDB8255}
	EndGlobalSection
EndGlobal
